
Microsoft Visual Studio Solution File, Format Version 12.00
# Visual Studio 15
VisualStudioVersion = 15.0.27004.2009
MinimumVisualStudioVersion = 10.0.40219.1
Project("{FAE04EC0-301F-11D3-BF4B-00C04F79EFBC}") = "TodoApp", "TodoApp\TodoApp.csproj", "{35C163B5-B0A7-4670-B9A4-6C47B6B0467C}"
EndProject
Project("{FAE04EC0-301F-11D3-BF4B-00C04F79EFBC}") = "TodoRepository", "TodoRepository\TodoRepository.csproj", "{62D9F1AB-B00D-46D6-8BC6-FAE45121D949}"
EndProject
Global
	GlobalSection(SolutionConfigurationPlatforms) = preSolution
		Debug|Any CPU = Debug|Any CPU
		Release|Any CPU = Release|Any CPU
	EndGlobalSection
	GlobalSection(ProjectConfigurationPlatforms) = postSolution
		{35C163B5-B0A7-4670-B9A4-6C47B6B0467C}.Debug|Any CPU.ActiveCfg = Debug|Any CPU
		{35C163B5-B0A7-4670-B9A4-6C47B6B0467C}.Debug|Any CPU.Build.0 = Debug|Any CPU
		{35C163B5-B0A7-4670-B9A4-6C47B6B0467C}.Release|Any CPU.ActiveCfg = Release|Any CPU
		{35C163B5-B0A7-4670-B9A4-6C47B6B0467C}.Release|Any CPU.Build.0 = Release|Any CPU
		{62D9F1AB-B00D-46D6-8BC6-FAE45121D949}.Debug|Any CPU.ActiveCfg = Debug|Any CPU
		{62D9F1AB-B00D-46D6-8BC6-FAE45121D949}.Debug|Any CPU.Build.0 = Debug|Any CPU
		{62D9F1AB-B00D-46D6-8BC6-FAE45121D949}.Release|Any CPU.ActiveCfg = Release|Any CPU
		{62D9F1AB-B00D-46D6-8BC6-FAE45121D949}.Release|Any CPU.Build.0 = Release|Any CPU
	EndGlobalSection
	GlobalSection(SolutionProperties) = preSolution
		HideSolutionNode = FALSE
	EndGlobalSection
	GlobalSection(ExtensibilityGlobals) = postSolution
		SolutionGuid = {409CFDE8-FDF3-4420-B101-4BF09295D69A}
	EndGlobalSection
EndGlobal
